// !$*UTF8*$!
{
	archiveVersion = 1;
	classes = {
	};
	objectVersion = 46;
	objects = {

/* Begin PBXBuildFile section */
		052CBA4D1EC065180034FBC0 /* AppDelegate.swift in Sources */ = {isa = PBXBuildFile; fileRef = 052CBA4C1EC065180034FBC0 /* AppDelegate.swift */; };
		052CBA4F1EC065180034FBC0 /* ViewController.swift in Sources */ = {isa = PBXBuildFile; fileRef = 052CBA4E1EC065180034FBC0 /* ViewController.swift */; };
		052CBA521EC065180034FBC0 /* Main.storyboard in Resources */ = {isa = PBXBuildFile; fileRef = 052CBA501EC065180034FBC0 /* Main.storyboard */; };
		052CBA541EC065180034FBC0 /* Assets.xcassets in Resources */ = {isa = PBXBuildFile; fileRef = 052CBA531EC065180034FBC0 /* Assets.xcassets */; };
		052CBA571EC065180034FBC0 /* LaunchScreen.storyboard in Resources */ = {isa = PBXBuildFile; fileRef = 052CBA551EC065180034FBC0 /* LaunchScreen.storyboard */; };
		052CBA621EC065180034FBC0 /* HelpTheWorldTests.swift in Sources */ = {isa = PBXBuildFile; fileRef = 052CBA611EC065180034FBC0 /* HelpTheWorldTests.swift */; };
		052CBA6D1EC065180034FBC0 /* HelpTheWorldUITests.swift in Sources */ = {isa = PBXBuildFile; fileRef = 052CBA6C1EC065180034FBC0 /* HelpTheWorldUITests.swift */; };
/* End PBXBuildFile section */

/* Begin PBXContainerItemProxy section */
		052CBA5E1EC065180034FBC0 /* PBXContainerItemProxy */ = {
			isa = PBXContainerItemProxy;
			containerPortal = 052CBA411EC065180034FBC0 /* Project object */;
			proxyType = 1;
			remoteGlobalIDString = 052CBA481EC065180034FBC0;
			remoteInfo = HelpTheWorld;
		};
		052CBA691EC065180034FBC0 /* PBXContainerItemProxy */ = {
			isa = PBXContainerItemProxy;
			containerPortal = 052CBA411EC065180034FBC0 /* Project object */;
			proxyType = 1;
			remoteGlobalIDString = 052CBA481EC065180034FBC0;
			remoteInfo = HelpTheWorld;
		};
/* End PBXContainerItemProxy section */

/* Begin PBXFileReference section */
		052CBA491EC065180034FBC0 /* HelpTheWorld.app */ = {isa = PBXFileReference; explicitFileType = wrapper.application; includeInIndex = 0; path = HelpTheWorld.app; sourceTree = BUILT_PRODUCTS_DIR; };
		052CBA4C1EC065180034FBC0 /* AppDelegate.swift */ = {isa = PBXFileReference; lastKnownFileType = sourcecode.swift; path = AppDelegate.swift; sourceTree = "<group>"; };
		052CBA4E1EC065180034FBC0 /* ViewController.swift */ = {isa = PBXFileReference; lastKnownFileType = sourcecode.swift; path = ViewController.swift; sourceTree = "<group>"; };
		052CBA511EC065180034FBC0 /* Base */ = {isa = PBXFileReference; lastKnownFileType = file.storyboard; name = Base; path = Base.lproj/Main.storyboard; sourceTree = "<group>"; };
		052CBA531EC065180034FBC0 /* Assets.xcassets */ = {isa = PBXFileReference; lastKnownFileType = folder.assetcatalog; path = Assets.xcassets; sourceTree = "<group>"; };
		052CBA561EC065180034FBC0 /* Base */ = {isa = PBXFileReference; lastKnownFileType = file.storyboard; name = Base; path = Base.lproj/LaunchScreen.storyboard; sourceTree = "<group>"; };
		052CBA581EC065180034FBC0 /* Info.plist */ = {isa = PBXFileReference; lastKnownFileType = text.plist.xml; path = Info.plist; sourceTree = "<group>"; };
		052CBA5D1EC065180034FBC0 /* HelpTheWorldTests.xctest */ = {isa = PBXFileReference; explicitFileType = wrapper.cfbundle; includeInIndex = 0; path = HelpTheWorldTests.xctest; sourceTree = BUILT_PRODUCTS_DIR; };
		052CBA611EC065180034FBC0 /* HelpTheWorldTests.swift */ = {isa = PBXFileReference; lastKnownFileType = sourcecode.swift; path = HelpTheWorldTests.swift; sourceTree = "<group>"; };
		052CBA631EC065180034FBC0 /* Info.plist */ = {isa = PBXFileReference; lastKnownFileType = text.plist.xml; path = Info.plist; sourceTree = "<group>"; };
		052CBA681EC065180034FBC0 /* HelpTheWorldUITests.xctest */ = {isa = PBXFileReference; explicitFileType = wrapper.cfbundle; includeInIndex = 0; path = HelpTheWorldUITests.xctest; sourceTree = BUILT_PRODUCTS_DIR; };
		052CBA6C1EC065180034FBC0 /* HelpTheWorldUITests.swift */ = {isa = PBXFileReference; lastKnownFileType = sourcecode.swift; path = HelpTheWorldUITests.swift; sourceTree = "<group>"; };
		052CBA6E1EC065180034FBC0 /* Info.plist */ = {isa = PBXFileReference; lastKnownFileType = text.plist.xml; path = Info.plist; sourceTree = "<group>"; };
/* End PBXFileReference section */

/* Begin PBXFrameworksBuildPhase section */
		052CBA461EC065180034FBC0 /* Frameworks */ = {
			isa = PBXFrameworksBuildPhase;
			buildActionMask = 2147483647;
			files = (
			);
			runOnlyForDeploymentPostprocessing = 0;
		};
		052CBA5A1EC065180034FBC0 /* Frameworks */ = {
			isa = PBXFrameworksBuildPhase;
			buildActionMask = 2147483647;
			files = (
			);
			runOnlyForDeploymentPostprocessing = 0;
		};
		052CBA651EC065180034FBC0 /* Frameworks */ = {
			isa = PBXFrameworksBuildPhase;
			buildActionMask = 2147483647;
			files = (
			);
			runOnlyForDeploymentPostprocessing = 0;
		};
/* End PBXFrameworksBuildPhase section */

/* Begin PBXGroup section */
		052CBA401EC065180034FBC0 = {
			isa = PBXGroup;
			children = (
				052CBA4B1EC065180034FBC0 /* HelpTheWorld */,
				052CBA601EC065180034FBC0 /* HelpTheWorldTests */,
				052CBA6B1EC065180034FBC0 /* HelpTheWorldUITests */,
				052CBA4A1EC065180034FBC0 /* Products */,
			);
			sourceTree = "<group>";
		};
		052CBA4A1EC065180034FBC0 /* Products */ = {
			isa = PBXGroup;
			children = (
				052CBA491EC065180034FBC0 /* HelpTheWorld.app */,
				052CBA5D1EC065180034FBC0 /* HelpTheWorldTests.xctest */,
				052CBA681EC065180034FBC0 /* HelpTheWorldUITests.xctest */,
			);
			name = Products;
			sourceTree = "<group>";
		};
		052CBA4B1EC065180034FBC0 /* HelpTheWorld */ = {
			isa = PBXGroup;
			children = (
				052CBA4C1EC065180034FBC0 /* AppDelegate.swift */,
				052CBA4E1EC065180034FBC0 /* ViewController.swift */,
				052CBA501EC065180034FBC0 /* Main.storyboard */,
				052CBA531EC065180034FBC0 /* Assets.xcassets */,
				052CBA551EC065180034FBC0 /* LaunchScreen.storyboard */,
				052CBA581EC065180034FBC0 /* Info.plist */,
			);
			path = HelpTheWorld;
			sourceTree = "<group>";
		};
		052CBA601EC065180034FBC0 /* HelpTheWorldTests */ = {
			isa = PBXGroup;
			children = (
				052CBA611EC065180034FBC0 /* HelpTheWorldTests.swift */,
				052CBA631EC065180034FBC0 /* Info.plist */,
			);
			path = HelpTheWorldTests;
			sourceTree = "<group>";
		};
		052CBA6B1EC065180034FBC0 /* HelpTheWorldUITests */ = {
			isa = PBXGroup;
			children = (
				052CBA6C1EC065180034FBC0 /* HelpTheWorldUITests.swift */,
				052CBA6E1EC065180034FBC0 /* Info.plist */,
			);
			path = HelpTheWorldUITests;
			sourceTree = "<group>";
		};
/* End PBXGroup section */

/* Begin PBXNativeTarget section */
		052CBA481EC065180034FBC0 /* HelpTheWorld */ = {
			isa = PBXNativeTarget;
			buildConfigurationList = 052CBA711EC065180034FBC0 /* Build configuration list for PBXNativeTarget "HelpTheWorld" */;
			buildPhases = (
				052CBA451EC065180034FBC0 /* Sources */,
				052CBA461EC065180034FBC0 /* Frameworks */,
				052CBA471EC065180034FBC0 /* Resources */,
			);
			buildRules = (
			);
			dependencies = (
			);
			name = HelpTheWorld;
			productName = HelpTheWorld;
			productReference = 052CBA491EC065180034FBC0 /* HelpTheWorld.app */;
			productType = "com.apple.product-type.application";
		};
		052CBA5C1EC065180034FBC0 /* HelpTheWorldTests */ = {
			isa = PBXNativeTarget;
			buildConfigurationList = 052CBA741EC065180034FBC0 /* Build configuration list for PBXNativeTarget "HelpTheWorldTests" */;
			buildPhases = (
				052CBA591EC065180034FBC0 /* Sources */,
				052CBA5A1EC065180034FBC0 /* Frameworks */,
				052CBA5B1EC065180034FBC0 /* Resources */,
			);
			buildRules = (
			);
			dependencies = (
				052CBA5F1EC065180034FBC0 /* PBXTargetDependency */,
			);
			name = HelpTheWorldTests;
			productName = HelpTheWorldTests;
			productReference = 052CBA5D1EC065180034FBC0 /* HelpTheWorldTests.xctest */;
			productType = "com.apple.product-type.bundle.unit-test";
		};
		052CBA671EC065180034FBC0 /* HelpTheWorldUITests */ = {
			isa = PBXNativeTarget;
			buildConfigurationList = 052CBA771EC065180034FBC0 /* Build configuration list for PBXNativeTarget "HelpTheWorldUITests" */;
			buildPhases = (
				052CBA641EC065180034FBC0 /* Sources */,
				052CBA651EC065180034FBC0 /* Frameworks */,
				052CBA661EC065180034FBC0 /* Resources */,
			);
			buildRules = (
			);
			dependencies = (
				052CBA6A1EC065180034FBC0 /* PBXTargetDependency */,
			);
			name = HelpTheWorldUITests;
			productName = HelpTheWorldUITests;
			productReference = 052CBA681EC065180034FBC0 /* HelpTheWorldUITests.xctest */;
			productType = "com.apple.product-type.bundle.ui-testing";
		};
/* End PBXNativeTarget section */

/* Begin PBXProject section */
		052CBA411EC065180034FBC0 /* Project object */ = {
			isa = PBXProject;
			attributes = {
				LastSwiftUpdateCheck = 0830;
				LastUpgradeCheck = 0830;
				ORGANIZATIONNAME = "MOSAAB ALKHATIB";
				TargetAttributes = {
					052CBA481EC065180034FBC0 = {
						CreatedOnToolsVersion = 8.3.2;
						ProvisioningStyle = Automatic;
					};
					052CBA5C1EC065180034FBC0 = {
						CreatedOnToolsVersion = 8.3.2;
						ProvisioningStyle = Automatic;
						TestTargetID = 052CBA481EC065180034FBC0;
					};
					052CBA671EC065180034FBC0 = {
						CreatedOnToolsVersion = 8.3.2;
						ProvisioningStyle = Automatic;
						TestTargetID = 052CBA481EC065180034FBC0;
					};
				};
			};
			buildConfigurationList = 052CBA441EC065180034FBC0 /* Build configuration list for PBXProject "HelpTheWorld" */;
			compatibilityVersion = "Xcode 3.2";
			developmentRegion = English;
			hasScannedForEncodings = 0;
			knownRegions = (
				en,
				Base,
			);
			mainGroup = 052CBA401EC065180034FBC0;
			productRefGroup = 052CBA4A1EC065180034FBC0 /* Products */;
			projectDirPath = "";
			projectRoot = "";
			targets = (
				052CBA481EC065180034FBC0 /* HelpTheWorld */,
				052CBA5C1EC065180034FBC0 /* HelpTheWorldTests */,
				052CBA671EC065180034FBC0 /* HelpTheWorldUITests */,
			);
		};
/* End PBXProject section */

/* Begin PBXResourcesBuildPhase section */
		052CBA471EC065180034FBC0 /* Resources */ = {
			isa = PBXResourcesBuildPhase;
			buildActionMask = 2147483647;
			files = (
				052CBA571EC065180034FBC0 /* LaunchScreen.storyboard in Resources */,
				052CBA541EC065180034FBC0 /* Assets.xcassets in Resources */,
				052CBA521EC065180034FBC0 /* Main.storyboard in Resources */,
			);
			runOnlyForDeploymentPostprocessing = 0;
		};
		052CBA5B1EC065180034FBC0 /* Resources */ = {
			isa = PBXResourcesBuildPhase;
			buildActionMask = 2147483647;
			files = (
			);
			runOnlyForDeploymentPostprocessing = 0;
		};
		052CBA661EC065180034FBC0 /* Resources */ = {
			isa = PBXResourcesBuildPhase;
			buildActionMask = 2147483647;
			files = (
			);
			runOnlyForDeploymentPostprocessing = 0;
		};
/* End PBXResourcesBuildPhase section */

/* Begin PBXSourcesBuildPhase section */
		052CBA451EC065180034FBC0 /* Sources */ = {
			isa = PBXSourcesBuildPhase;
			buildActionMask = 2147483647;
			files = (
				052CBA4F1EC065180034FBC0 /* ViewController.swift in Sources */,
				052CBA4D1EC065180034FBC0 /* AppDelegate.swift in Sources */,
			);
			runOnlyForDeploymentPostprocessing = 0;
		};
		052CBA591EC065180034FBC0 /* Sources */ = {
			isa = PBXSourcesBuildPhase;
			buildActionMask = 2147483647;
			files = (
				052CBA621EC065180034FBC0 /* HelpTheWorldTests.swift in Sources */,
			);
			runOnlyForDeploymentPostprocessing = 0;
		};
		052CBA641EC065180034FBC0 /* Sources */ = {
			isa = PBXSourcesBuildPhase;
			buildActionMask = 2147483647;
			files = (
				052CBA6D1EC065180034FBC0 /* HelpTheWorldUITests.swift in Sources */,
			);
			runOnlyForDeploymentPostprocessing = 0;
		};
/* End PBXSourcesBuildPhase section */

/* Begin PBXTargetDependency section */
		052CBA5F1EC065180034FBC0 /* PBXTargetDependency */ = {
			isa = PBXTargetDependency;
			target = 052CBA481EC065180034FBC0 /* HelpTheWorld */;
			targetProxy = 052CBA5E1EC065180034FBC0 /* PBXContainerItemProxy */;
		};
		052CBA6A1EC065180034FBC0 /* PBXTargetDependency */ = {
			isa = PBXTargetDependency;
			target = 052CBA481EC065180034FBC0 /* HelpTheWorld */;
			targetProxy = 052CBA691EC065180034FBC0 /* PBXContainerItemProxy */;
		};
/* End PBXTargetDependency section */

/* Begin PBXVariantGroup section */
		052CBA501EC065180034FBC0 /* Main.storyboard */ = {
			isa = PBXVariantGroup;
			children = (
				052CBA511EC065180034FBC0 /* Base */,
			);
			name = Main.storyboard;
			sourceTree = "<group>";
		};
		052CBA551EC065180034FBC0 /* LaunchScreen.storyboard */ = {
			isa = PBXVariantGroup;
			children = (
				052CBA561EC065180034FBC0 /* Base */,
			);
			name = LaunchScreen.storyboard;
			sourceTree = "<group>";
		};
/* End PBXVariantGroup section */

/* Begin XCBuildConfiguration section */
		052CBA6F1EC065180034FBC0 /* Debug */ = {
			isa = XCBuildConfiguration;
			buildSettings = {
				ALWAYS_SEARCH_USER_PATHS = NO;
				CLANG_ANALYZER_NONNULL = YES;
				CLANG_ANALYZER_NUMBER_OBJECT_CONVERSION = YES_AGGRESSIVE;
				CLANG_CXX_LANGUAGE_STANDARD = "gnu++0x";
				CLANG_CXX_LIBRARY = "libc++";
				CLANG_ENABLE_MODULES = YES;
				CLANG_ENABLE_OBJC_ARC = YES;
				CLANG_WARN_BOOL_CONVERSION = YES;
				CLANG_WARN_CONSTANT_CONVERSION = YES;
				CLANG_WARN_DIRECT_OBJC_ISA_USAGE = YES_ERROR;
				CLANG_WARN_DOCUMENTATION_COMMENTS = YES;
				CLANG_WARN_EMPTY_BODY = YES;
				CLANG_WARN_ENUM_CONVERSION = YES;
				CLANG_WARN_INFINITE_RECURSION = YES;
				CLANG_WARN_INT_CONVERSION = YES;
				CLANG_WARN_OBJC_ROOT_CLASS = YES_ERROR;
				CLANG_WARN_SUSPICIOUS_MOVE = YES;
				CLANG_WARN_UNREACHABLE_CODE = YES;
				CLANG_WARN__DUPLICATE_METHOD_MATCH = YES;
				"CODE_SIGN_IDENTITY[sdk=iphoneos*]" = "iPhone Developer";
				COPY_PHASE_STRIP = NO;
				DEBUG_INFORMATION_FORMAT = dwarf;
				ENABLE_STRICT_OBJC_MSGSEND = YES;
				ENABLE_TESTABILITY = YES;
				GCC_C_LANGUAGE_STANDARD = gnu99;
				GCC_DYNAMIC_NO_PIC = NO;
				GCC_NO_COMMON_BLOCKS = YES;
				GCC_OPTIMIZATION_LEVEL = 0;
				GCC_PREPROCESSOR_DEFINITIONS = (
					"DEBUG=1",
					"$(inherited)",
				);
				GCC_WARN_64_TO_32_BIT_CONVERSION = YES;
				GCC_WARN_ABOUT_RETURN_TYPE = YES_ERROR;
				GCC_WARN_UNDECLARED_SELECTOR = YES;
				GCC_WARN_UNINITIALIZED_AUTOS = YES_AGGRESSIVE;
				GCC_WARN_UNUSED_FUNCTION = YES;
				GCC_WARN_UNUSED_VARIABLE = YES;
				IPHONEOS_DEPLOYMENT_TARGET = 10.3;
				MTL_ENABLE_DEBUG_INFO = YES;
				ONLY_ACTIVE_ARCH = YES;
				SDKROOT = iphoneos;
				SWIFT_ACTIVE_COMPILATION_CONDITIONS = DEBUG;
				SWIFT_OPTIMIZATION_LEVEL = "-Onone";
				TARGETED_DEVICE_FAMILY = "1,2";
			};
			name = Debug;
		};
		052CBA701EC065180034FBC0 /* Release */ = {
			isa = XCBuildConfiguration;
			buildSettings = {
				ALWAYS_SEARCH_USER_PATHS = NO;
				CLANG_ANALYZER_NONNULL = YES;
				CLANG_ANALYZER_NUMBER_OBJECT_CONVERSION = YES_AGGRESSIVE;
				CLANG_CXX_LANGUAGE_STANDARD = "gnu++0x";
				CLANG_CXX_LIBRARY = "libc++";
				CLANG_ENABLE_MODULES = YES;
				CLANG_ENABLE_OBJC_ARC = YES;
				CLANG_WARN_BOOL_CONVERSION = YES;
				CLANG_WARN_CONSTANT_CONVERSION = YES;
				CLANG_WARN_DIRECT_OBJC_ISA_USAGE = YES_ERROR;
				CLANG_WARN_DOCUMENTATION_COMMENTS = YES;
				CLANG_WARN_EMPTY_BODY = YES;
				CLANG_WARN_ENUM_CONVERSION = YES;
				CLANG_WARN_INFINITE_RECURSION = YES;
				CLANG_WARN_INT_CONVERSION = YES;
				CLANG_WARN_OBJC_ROOT_CLASS = YES_ERROR;
				CLANG_WARN_SUSPICIOUS_MOVE = YES;
				CLANG_WARN_UNREACHABLE_CODE = YES;
				CLANG_WARN__DUPLICATE_METHOD_MATCH = YES;
				"CODE_SIGN_IDENTITY[sdk=iphoneos*]" = "iPhone Developer";
				COPY_PHASE_STRIP = NO;
				DEBUG_INFORMATION_FORMAT = "dwarf-with-dsym";
				ENABLE_NS_ASSERTIONS = NO;
				ENABLE_STRICT_OBJC_MSGSEND = YES;
				GCC_C_LANGUAGE_STANDARD = gnu99;
				GCC_NO_COMMON_BLOCKS = YES;
				GCC_WARN_64_TO_32_BIT_CONVERSION = YES;
				GCC_WARN_ABOUT_RETURN_TYPE = YES_ERROR;
				GCC_WARN_UNDECLARED_SELECTOR = YES;
				GCC_WARN_UNINITIALIZED_AUTOS = YES_AGGRESSIVE;
				GCC_WARN_UNUSED_FUNCTION = YES;
				GCC_WARN_UNUSED_VARIABLE = YES;
				IPHONEOS_DEPLOYMENT_TARGET = 10.3;
				MTL_ENABLE_DEBUG_INFO = NO;
				SDKROOT = iphoneos;
				SWIFT_OPTIMIZATION_LEVEL = "-Owholemodule";
				TARGETED_DEVICE_FAMILY = "1,2";
				VALIDATE_PRODUCT = YES;
			};
			name = Release;
		};
		052CBA721EC065180034FBC0 /* Debug */ = {
			isa = XCBuildConfiguration;
			buildSettings = {
				ASSETCATALOG_COMPILER_APPICON_NAME = AppIcon;
				INFOPLIST_FILE = HelpTheWorld/Info.plist;
				LD_RUNPATH_SEARCH_PATHS = "$(inherited) @executable_path/Frameworks";
				PRODUCT_BUNDLE_IDENTIFIER = com.mosaabk.HelpTheWorld;
				PRODUCT_NAME = "$(TARGET_NAME)";
				SWIFT_VERSION = 3.0;
			};
			name = Debug;
		};
		052CBA731EC065180034FBC0 /* Release */ = {
			isa = XCBuildConfiguration;
			buildSettings = {
				ASSETCATALOG_COMPILER_APPICON_NAME = AppIcon;
				INFOPLIST_FILE = HelpTheWorld/Info.plist;
				LD_RUNPATH_SEARCH_PATHS = "$(inherited) @executable_path/Frameworks";
				PRODUCT_BUNDLE_IDENTIFIER = com.mosaabk.HelpTheWorld;
				PRODUCT_NAME = "$(TARGET_NAME)";
				SWIFT_VERSION = 3.0;
			};
			name = Release;
		};
		052CBA751EC065180034FBC0 /* Debug */ = {
			isa = XCBuildConfiguration;
			buildSettings = {
				ALWAYS_EMBED_SWIFT_STANDARD_LIBRARIES = YES;
				BUNDLE_LOADER = "$(TEST_HOST)";
				INFOPLIST_FILE = HelpTheWorldTests/Info.plist;
				LD_RUNPATH_SEARCH_PATHS = "$(inherited) @executable_path/Frameworks @loader_path/Frameworks";
				PRODUCT_BUNDLE_IDENTIFIER = com.mosaabk.HelpTheWorldTests;
				PRODUCT_NAME = "$(TARGET_NAME)";
				SWIFT_VERSION = 3.0;
				TEST_HOST = "$(BUILT_PRODUCTS_DIR)/HelpTheWorld.app/HelpTheWorld";
			};
			name = Debug;
		};
		052CBA761EC065180034FBC0 /* Release */ = {
			isa = XCBuildConfiguration;
			buildSettings = {
				ALWAYS_EMBED_SWIFT_STANDARD_LIBRARIES = YES;
				BUNDLE_LOADER = "$(TEST_HOST)";
				INFOPLIST_FILE = HelpTheWorldTests/Info.plist;
				LD_RUNPATH_SEARCH_PATHS = "$(inherited) @executable_path/Frameworks @loader_path/Frameworks";
				PRODUCT_BUNDLE_IDENTIFIER = com.mosaabk.HelpTheWorldTests;
				PRODUCT_NAME = "$(TARGET_NAME)";
				SWIFT_VERSION = 3.0;
				TEST_HOST = "$(BUILT_PRODUCTS_DIR)/HelpTheWorld.app/HelpTheWorld";
			};
			name = Release;
		};
		052CBA781EC065180034FBC0 /* Debug */ = {
			isa = XCBuildConfiguration;
			buildSettings = {
				ALWAYS_EMBED_SWIFT_STANDARD_LIBRARIES = YES;
				INFOPLIST_FILE = HelpTheWorldUITests/Info.plist;
				LD_RUNPATH_SEARCH_PATHS = "$(inherited) @executable_path/Frameworks @loader_path/Frameworks";
				PRODUCT_BUNDLE_IDENTIFIER = com.mosaabk.HelpTheWorldUITests;
				PRODUCT_NAME = "$(TARGET_NAME)";
				SWIFT_VERSION = 3.0;
				TEST_TARGET_NAME = HelpTheWorld;
			};
			name = Debug;
		};
		052CBA791EC065180034FBC0 /* Release */ = {
			isa = XCBuildConfiguration;
			buildSettings = {
				ALWAYS_EMBED_SWIFT_STANDARD_LIBRARIES = YES;
				INFOPLIST_FILE = HelpTheWorldUITests/Info.plist;
				LD_RUNPATH_SEARCH_PATHS = "$(inherited) @executable_path/Frameworks @loader_path/Frameworks";
				PRODUCT_BUNDLE_IDENTIFIER = com.mosaabk.HelpTheWorldUITests;
				PRODUCT_NAME = "$(TARGET_NAME)";
				SWIFT_VERSION = 3.0;
				TEST_TARGET_NAME = HelpTheWorld;
			};
			name = Release;
		};
/* End XCBuildConfiguration section */

/* Begin XCConfigurationList section */
		052CBA441EC065180034FBC0 /* Build configuration list for PBXProject "HelpTheWorld" */ = {
			isa = XCConfigurationList;
			buildConfigurations = (
				052CBA6F1EC065180034FBC0 /* Debug */,
				052CBA701EC065180034FBC0 /* Release */,
			);
			defaultConfigurationIsVisible = 0;
			defaultConfigurationName = Release;
		};
		052CBA711EC065180034FBC0 /* Build configuration list for PBXNativeTarget "HelpTheWorld" */ = {
			isa = XCConfigurationList;
			buildConfigurations = (
				052CBA721EC065180034FBC0 /* Debug */,
				052CBA731EC065180034FBC0 /* Release */,
			);
			defaultConfigurationIsVisible = 0;
		};
		052CBA741EC065180034FBC0 /* Build configuration list for PBXNativeTarget "HelpTheWorldTests" */ = {
			isa = XCConfigurationList;
			buildConfigurations = (
				052CBA751EC065180034FBC0 /* Debug */,
				052CBA761EC065180034FBC0 /* Release */,
			);
			defaultConfigurationIsVisible = 0;
		};
		052CBA771EC065180034FBC0 /* Build configuration list for PBXNativeTarget "HelpTheWorldUITests" */ = {
			isa = XCConfigurationList;
			buildConfigurations = (
				052CBA781EC065180034FBC0 /* Debug */,
				052CBA791EC065180034FBC0 /* Release */,
			);
			defaultConfigurationIsVisible = 0;
		};
/* End XCConfigurationList section */
	};
	rootObject = 052CBA411EC065180034FBC0 /* Project object */;
}
